<?xml version="1.0" encoding="UTF-8" standalone="yes" ?>
<CodeBlocks_project_file>
	<FileVersion major="1" minor="6" />
	<Project>
		<Option title="libxmeasures" />
		<Option pch_mode="2" />
		<Option compiler="gcc" />
		<Build>
			<Target title="Debug">
				<Option output="bin/Debug/xmeasures" prefix_auto="1" extension_auto="1" />
				<Option object_output="obj/Debug/" />
				<Option type="3" />
				<Option compiler="gcc" />
				<Option createDefFile="1" />
				<Option createStaticLib="1" />
				<Compiler>
					<Add option="-Wredundant-decls" />
					<Add option="-Winline" />
					<Add option="-Wswitch-enum" />
					<Add option="-Wswitch-default" />
					<Add option="-Wmain" />
					<Add option="-Wall" />
					<Add option="-Og" />
					<Add option="-g" />
					<Add option="-Wsuggest-final-types" />
					<Add option="-Wsuggest-final-methods" />
					<Add option="-ftemplate-backtrace-limit=32" />
					<Add option="-fasynchronous-unwind-tables" />
					<Add option="-fsanitize=leak" />
					<Add option="-fsanitize=address" />
					<Add option="-DDEBUG" />
					<Add option="-D_GLIBCXX_DEBUG" />
					<Add option="-D_GLIBCXX_ASSERTIONS" />
					<Add option="-DTRACE=2" />
					<Add option="-DVALIDATE=2" />
				</Compiler>
				<Linker>
					<Add library="asan" />
				</Linker>
			</Target>
			<Target title="Release">
				<Option output="bin/Release/xmeasures" prefix_auto="1" extension_auto="1" />
				<Option object_output="obj/Release/" />
				<Option type="3" />
				<Option compiler="gcc" />
				<Option createDefFile="1" />
				<Option createStaticLib="1" />
				<Compiler>
					<Add option="-fomit-frame-pointer" />
					<Add option="-O3" />
					<Add option="-march=core2" />
					<Add option="-ftemplate-backtrace-limit=32" />
					<Add option="-Wno-strict-aliasing" />
					<Add option="-DTRACE=1" />
					<Add option="-DVALIDATE=1" />
				</Compiler>
				<Linker>
					<Add option="-s" />
				</Linker>
			</Target>
		</Build>
		<Compiler>
			<Add option="-Wnon-virtual-dtor" />
			<Add option="-Winit-self" />
			<Add option="-Wcast-align" />
			<Add option="-Wundef" />
			<Add option="-Wfloat-equal" />
			<Add option="-Wunreachable-code" />
			<Add option="-Weffc++" />
			<Add option="-std=c++14" />
			<Add option="-Wmissing-include-dirs" />
			<Add option="-Wzero-as-null-pointer-constant" />
			<Add option="-fpic" />
			<Add option="-fexceptions" />
			<Add option="-fstack-protector-strong" />
			<Add option="-fstack-clash-protection" />
			<Add option="-Werror=format-security" />
			<Add option="-Wold-style-cast" />
			<Add option="-Wno-unused-function" />
			<Add option="-Wno-noexcept-type" />
			<Add option="-D_FORTIFY_SOURCE=2" />
			<Add option="-DNO_FILEIO" />
			<Add option="-DC_API" />
			<Add directory="include" />
			<Add directory="autogen" />
			<Add directory="shared" />
		</Compiler>
		<Linker>
			<Add option="-Wl,-z,defs" />
		</Linker>
		<Unit filename="include/interface_c.h" />
		<Unit filename="shared/macrodef.h" />
		<Unit filename="src/interface.cpp" />
		<Unit filename="src/interface_c.cpp" />
		<Extensions />
	</Project>
</CodeBlocks_project_file>
